PODS:
  - Alamofire (4.8.2)
  - AlamofireObjectMapper (5.2.0):
    - Alamofire (~> 4.7)
    - ObjectMapper (~> 3.4)
  - GoogleMaps (3.3.0):
    - GoogleMaps/Maps (= 3.3.0)
  - GoogleMaps/Base (3.3.0)
  - GoogleMaps/Maps (3.3.0):
    - GoogleMaps/Base
  - GooglePlaces (3.3.0):
    - GoogleMaps/Base (= 3.3.0)
  - ObjectMapper (3.5.1)
  - Realm (3.17.3):
    - Realm/Headers (= 3.17.3)
  - Realm/Headers (3.17.3)
  - RealmSwift (3.17.3):
    - Realm (= 3.17.3)

DEPENDENCIES:
  - Alamofire (~> 4.8.2)
  - AlamofireObjectMapper
  - GoogleMaps
  - GooglePlaces
  - RealmSwift

SPEC REPOS:
  https://github.com/cocoapods/specs.git:
    - Alamofire
    - AlamofireObjectMapper
    - GoogleMaps
    - GooglePlaces
    - ObjectMapper
    - Realm
    - RealmSwift

SPEC CHECKSUMS:
  Alamofire: ae5c501addb7afdbb13687d7f2f722c78734c2d3
  AlamofireObjectMapper: 92b6ce2423a9d159e686f6a1d514a009bf903ddc
  GoogleMaps: cfee83da305b9aaeccf92c24ac79df11c3003492
  GooglePlaces: 1e2a87bd9efee9623ee65d44ecc35ebfecd7b13c
  ObjectMapper: 70187b8941977c62ccfb423caf6b50be405cabf0
  Realm: 5a1d9d47bfc101dd597668b1a8af4288a2557f6d
  RealmSwift: b7fdc2d18616621c31df5c7a398a45a2163f8eb0

PODFILE CHECKSUM: ae852138077b352795d398e9be2b8911d9977926

COCOAPODS: 1.7.4
